// !$*UTF8*$!
{
	archiveVersion = 1;
	classes = {
	};
	objectVersion = 50;
	objects = {

/* Begin PBXBuildFile section */
		74230B2A25A2B0C500A6FE7A /* SwiftUI_Day3App.swift in Sources */ = {isa = PBXBuildFile; fileRef = 74230B2925A2B0C500A6FE7A /* SwiftUI_Day3App.swift */; };
		74230B2C25A2B0C500A6FE7A /* EmojiMemoryGameView.swift in Sources */ = {isa = PBXBuildFile; fileRef = 74230B2B25A2B0C500A6FE7A /* EmojiMemoryGameView.swift */; };
		74230B2E25A2B0CB00A6FE7A /* Assets.xcassets in Resources */ = {isa = PBXBuildFile; fileRef = 74230B2D25A2B0CB00A6FE7A /* Assets.xcassets */; };
		74230B3125A2B0CB00A6FE7A /* Preview Assets.xcassets in Resources */ = {isa = PBXBuildFile; fileRef = 74230B3025A2B0CB00A6FE7A /* Preview Assets.xcassets */; };
		74E13EB425A5C0AA00975ED5 /* MemoryGame.swift in Sources */ = {isa = PBXBuildFile; fileRef = 74E13EB325A5C0AA00975ED5 /* MemoryGame.swift */; };
		74E13EB725A5C1CE00975ED5 /* EmojiMemoryGame.swift in Sources */ = {isa = PBXBuildFile; fileRef = 74E13EB625A5C1CE00975ED5 /* EmojiMemoryGame.swift */; };
		74E13EBC25A60C6700975ED5 /* Grid.swift in Sources */ = {isa = PBXBuildFile; fileRef = 74E13EBB25A60C6700975ED5 /* Grid.swift */; };
		74E13EBF25A6123400975ED5 /* GridLayout.swift in Sources */ = {isa = PBXBuildFile; fileRef = 74E13EBE25A6123400975ED5 /* GridLayout.swift */; };
		74E13EC225A6165F00975ED5 /* Array+Identifiable.swift in Sources */ = {isa = PBXBuildFile; fileRef = 74E13EC125A6165F00975ED5 /* Array+Identifiable.swift */; };
		74E13EC525A61F6200975ED5 /* Array+Only.swift in Sources */ = {isa = PBXBuildFile; fileRef = 74E13EC425A61F6200975ED5 /* Array+Only.swift */; };
		74E13EC825A695C600975ED5 /* Pie.swift in Sources */ = {isa = PBXBuildFile; fileRef = 74E13EC725A695C600975ED5 /* Pie.swift */; };
		74E13ECB25A69BAC00975ED5 /* Cardify.swift in Sources */ = {isa = PBXBuildFile; fileRef = 74E13ECA25A69BAC00975ED5 /* Cardify.swift */; };
/* End PBXBuildFile section */

/* Begin PBXFileReference section */
		74230B2625A2B0C500A6FE7A /* SwiftUI_Day3.app */ = {isa = PBXFileReference; explicitFileType = wrapper.application; includeInIndex = 0; path = SwiftUI_Day3.app; sourceTree = BUILT_PRODUCTS_DIR; };
		74230B2925A2B0C500A6FE7A /* SwiftUI_Day3App.swift */ = {isa = PBXFileReference; lastKnownFileType = sourcecode.swift; path = SwiftUI_Day3App.swift; sourceTree = "<group>"; };
		74230B2B25A2B0C500A6FE7A /* EmojiMemoryGameView.swift */ = {isa = PBXFileReference; lastKnownFileType = sourcecode.swift; path = EmojiMemoryGameView.swift; sourceTree = "<group>"; };
		74230B2D25A2B0CB00A6FE7A /* Assets.xcassets */ = {isa = PBXFileReference; lastKnownFileType = folder.assetcatalog; path = Assets.xcassets; sourceTree = "<group>"; };
		74230B3025A2B0CB00A6FE7A /* Preview Assets.xcassets */ = {isa = PBXFileReference; lastKnownFileType = folder.assetcatalog; path = "Preview Assets.xcassets"; sourceTree = "<group>"; };
		74230B3225A2B0CB00A6FE7A /* Info.plist */ = {isa = PBXFileReference; lastKnownFileType = text.plist.xml; path = Info.plist; sourceTree = "<group>"; };
		74E13EB325A5C0AA00975ED5 /* MemoryGame.swift */ = {isa = PBXFileReference; lastKnownFileType = sourcecode.swift; path = MemoryGame.swift; sourceTree = "<group>"; };
		74E13EB625A5C1CE00975ED5 /* EmojiMemoryGame.swift */ = {isa = PBXFileReference; lastKnownFileType = sourcecode.swift; path = EmojiMemoryGame.swift; sourceTree = "<group>"; };
		74E13EBB25A60C6700975ED5 /* Grid.swift */ = {isa = PBXFileReference; lastKnownFileType = sourcecode.swift; path = Grid.swift; sourceTree = "<group>"; };
		74E13EBE25A6123400975ED5 /* GridLayout.swift */ = {isa = PBXFileReference; fileEncoding = 4; lastKnownFileType = sourcecode.swift; path = GridLayout.swift; sourceTree = "<group>"; };
		74E13EC125A6165F00975ED5 /* Array+Identifiable.swift */ = {isa = PBXFileReference; lastKnownFileType = sourcecode.swift; path = "Array+Identifiable.swift"; sourceTree = "<group>"; };
		74E13EC425A61F6200975ED5 /* Array+Only.swift */ = {isa = PBXFileReference; lastKnownFileType = sourcecode.swift; path = "Array+Only.swift"; sourceTree = "<group>"; };
		74E13EC725A695C600975ED5 /* Pie.swift */ = {isa = PBXFileReference; lastKnownFileType = sourcecode.swift; path = Pie.swift; sourceTree = "<group>"; };
		74E13ECA25A69BAC00975ED5 /* Cardify.swift */ = {isa = PBXFileReference; lastKnownFileType = sourcecode.swift; path = Cardify.swift; sourceTree = "<group>"; };
/* End PBXFileReference section */

/* Begin PBXFrameworksBuildPhase section */
		74230B2325A2B0C500A6FE7A /* Frameworks */ = {
			isa = PBXFrameworksBuildPhase;
			buildActionMask = 2147483647;
			files = (
			);
			runOnlyForDeploymentPostprocessing = 0;
		};
/* End PBXFrameworksBuildPhase section */

/* Begin PBXGroup section */
		74230B1D25A2B0C500A6FE7A = {
			isa = PBXGroup;
			children = (
				74230B2825A2B0C500A6FE7A /* SwiftUI_Day3 */,
				74230B2725A2B0C500A6FE7A /* Products */,
			);
			sourceTree = "<group>";
		};
		74230B2725A2B0C500A6FE7A /* Products */ = {
			isa = PBXGroup;
			children = (
				74230B2625A2B0C500A6FE7A /* SwiftUI_Day3.app */,
			);
			name = Products;
			sourceTree = "<group>";
		};
		74230B2825A2B0C500A6FE7A /* SwiftUI_Day3 */ = {
			isa = PBXGroup;
			children = (
				74230B2925A2B0C500A6FE7A /* SwiftUI_Day3App.swift */,
				74230B2B25A2B0C500A6FE7A /* EmojiMemoryGameView.swift */,
				74E13ECA25A69BAC00975ED5 /* Cardify.swift */,
				74E13EC725A695C600975ED5 /* Pie.swift */,
				74E13EBB25A60C6700975ED5 /* Grid.swift */,
				74E13EC125A6165F00975ED5 /* Array+Identifiable.swift */,
				74E13EBE25A6123400975ED5 /* GridLayout.swift */,
				74E13EB325A5C0AA00975ED5 /* MemoryGame.swift */,
				74E13EC425A61F6200975ED5 /* Array+Only.swift */,
				74E13EB625A5C1CE00975ED5 /* EmojiMemoryGame.swift */,
				74230B2D25A2B0CB00A6FE7A /* Assets.xcassets */,
				74230B3225A2B0CB00A6FE7A /* Info.plist */,
				74230B2F25A2B0CB00A6FE7A /* Preview Content */,
			);
			path = SwiftUI_Day3;
			sourceTree = "<group>";
		};
		74230B2F25A2B0CB00A6FE7A /* Preview Content */ = {
			isa = PBXGroup;
			children = (
				74230B3025A2B0CB00A6FE7A /* Preview Assets.xcassets */,
			);
			path = "Preview Content";
			sourceTree = "<group>";
		};
/* End PBXGroup section */

/* Begin PBXNativeTarget section */
		74230B2525A2B0C500A6FE7A /* SwiftUI_Day3 */ = {
			isa = PBXNativeTarget;
			buildConfigurationList = 74230B3525A2B0CB00A6FE7A /* Build configuration list for PBXNativeTarget "SwiftUI_Day3" */;
			buildPhases = (
				74230B2225A2B0C500A6FE7A /* Sources */,
				74230B2325A2B0C500A6FE7A /* Frameworks */,
				74230B2425A2B0C500A6FE7A /* Resources */,
			);
			buildRules = (
			);
			dependencies = (
			);
			name = SwiftUI_Day3;
			productName = SwiftUI_Day3;
			productReference = 74230B2625A2B0C500A6FE7A /* SwiftUI_Day3.app */;
			productType = "com.apple.product-type.application";
		};
/* End PBXNativeTarget section */

/* Begin PBXProject section */
		74230B1E25A2B0C500A6FE7A /* Project object */ = {
			isa = PBXProject;
			attributes = {
				LastSwiftUpdateCheck = 1230;
				LastUpgradeCheck = 1230;
				TargetAttributes = {
					74230B2525A2B0C500A6FE7A = {
						CreatedOnToolsVersion = 12.3;
					};
				};
			};
			buildConfigurationList = 74230B2125A2B0C500A6FE7A /* Build configuration list for PBXProject "SwiftUI_Day3" */;
			compatibilityVersion = "Xcode 9.3";
			developmentRegion = en;
			hasScannedForEncodings = 0;
			knownRegions = (
				en,
				Base,
			);
			mainGroup = 74230B1D25A2B0C500A6FE7A;
			productRefGroup = 74230B2725A2B0C500A6FE7A /* Products */;
			projectDirPath = "";
			projectRoot = "";
			targets = (
				74230B2525A2B0C500A6FE7A /* SwiftUI_Day3 */,
			);
		};
/* End PBXProject section */

/* Begin PBXResourcesBuildPhase section */
		74230B2425A2B0C500A6FE7A /* Resources */ = {
			isa = PBXResourcesBuildPhase;
			buildActionMask = 2147483647;
			files = (
				74230B3125A2B0CB00A6FE7A /* Preview Assets.xcassets in Resources */,
				74230B2E25A2B0CB00A6FE7A /* Assets.xcassets in Resources */,
			);
			runOnlyForDeploymentPostprocessing = 0;
		};
/* End PBXResourcesBuildPhase section */

/* Begin PBXSourcesBuildPhase section */
		74230B2225A2B0C500A6FE7A /* Sources */ = {
			isa = PBXSourcesBuildPhase;
			buildActionMask = 2147483647;
			files = (
				74E13EB425A5C0AA00975ED5 /* MemoryGame.swift in Sources */,
				74230B2C25A2B0C500A6FE7A /* EmojiMemoryGameView.swift in Sources */,
				74230B2A25A2B0C500A6FE7A /* SwiftUI_Day3App.swift in Sources */,
				74E13EC825A695C600975ED5 /* Pie.swift in Sources */,
				74E13EBF25A6123400975ED5 /* GridLayout.swift in Sources */,
				74E13EBC25A60C6700975ED5 /* Grid.swift in Sources */,
				74E13EC225A6165F00975ED5 /* Array+Identifiable.swift in Sources */,
				74E13EB725A5C1CE00975ED5 /* EmojiMemoryGame.swift in Sources */,
				74E13ECB25A69BAC00975ED5 /* Cardify.swift in Sources */,
				74E13EC525A61F6200975ED5 /* Array+Only.swift in Sources */,
			);
			runOnlyForDeploymentPostprocessing = 0;
		};
/* End PBXSourcesBuildPhase section */

/* Begin XCBuildConfiguration section */
		74230B3325A2B0CB00A6FE7A /* Debug */ = {
			isa = XCBuildConfiguration;
			buildSettings = {
				ALWAYS_SEARCH_USER_PATHS = NO;
				CLANG_ANALYZER_NONNULL = YES;
				CLANG_ANALYZER_NUMBER_OBJECT_CONVERSION = YES_AGGRESSIVE;
				CLANG_CXX_LANGUAGE_STANDARD = "gnu++14";
				CLANG_CXX_LIBRARY = "libc++";
				CLANG_ENABLE_MODULES = YES;
				CLANG_ENABLE_OBJC_ARC = YES;
				CLANG_ENABLE_OBJC_WEAK = YES;
				CLANG_WARN_BLOCK_CAPTURE_AUTORELEASING = YES;
				CLANG_WARN_BOOL_CONVERSION = YES;
				CLANG_WARN_COMMA = YES;
				CLANG_WARN_CONSTANT_CONVERSION = YES;
				CLANG_WARN_DEPRECATED_OBJC_IMPLEMENTATIONS = YES;
				CLANG_WARN_DIRECT_OBJC_ISA_USAGE = YES_ERROR;
				CLANG_WARN_DOCUMENTATION_COMMENTS = YES;
				CLANG_WARN_EMPTY_BODY = YES;
				CLANG_WARN_ENUM_CONVERSION = YES;
				CLANG_WARN_INFINITE_RECURSION = YES;
				CLANG_WARN_INT_CONVERSION = YES;
				CLANG_WARN_NON_LITERAL_NULL_CONVERSION = YES;
				CLANG_WARN_OBJC_IMPLICIT_RETAIN_SELF = YES;
				CLANG_WARN_OBJC_LITERAL_CONVERSION = YES;
				CLANG_WARN_OBJC_ROOT_CLASS = YES_ERROR;
				CLANG_WARN_QUOTED_INCLUDE_IN_FRAMEWORK_HEADER = YES;
				CLANG_WARN_RANGE_LOOP_ANALYSIS = YES;
				CLANG_WARN_STRICT_PROTOTYPES = YES;
				CLANG_WARN_SUSPICIOUS_MOVE = YES;
				CLANG_WARN_UNGUARDED_AVAILABILITY = YES_AGGRESSIVE;
				CLANG_WARN_UNREACHABLE_CODE = YES;
				CLANG_WARN__DUPLICATE_METHOD_MATCH = YES;
				COPY_PHASE_STRIP = NO;
				DEBUG_INFORMATION_FORMAT = dwarf;
				ENABLE_STRICT_OBJC_MSGSEND = YES;
				ENABLE_TESTABILITY = YES;
				GCC_C_LANGUAGE_STANDARD = gnu11;
				GCC_DYNAMIC_NO_PIC = NO;
				GCC_NO_COMMON_BLOCKS = YES;
				GCC_OPTIMIZATION_LEVEL = 0;
				GCC_PREPROCESSOR_DEFINITIONS = (
					"DEBUG=1",
					"$(inherited)",
				);
				GCC_WARN_64_TO_32_BIT_CONVERSION = YES;
				GCC_WARN_ABOUT_RETURN_TYPE = YES_ERROR;
				GCC_WARN_UNDECLARED_SELECTOR = YES;
				GCC_WARN_UNINITIALIZED_AUTOS = YES_AGGRESSIVE;
				GCC_WARN_UNUSED_FUNCTION = YES;
				GCC_WARN_UNUSED_VARIABLE = YES;
				IPHONEOS_DEPLOYMENT_TARGET = 14.3;
				MTL_ENABLE_DEBUG_INFO = INCLUDE_SOURCE;
				MTL_FAST_MATH = YES;
				ONLY_ACTIVE_ARCH = YES;
				SDKROOT = iphoneos;
				SWIFT_ACTIVE_COMPILATION_CONDITIONS = DEBUG;
				SWIFT_OPTIMIZATION_LEVEL = "-Onone";
			};
			name = Debug;
		};
		74230B3425A2B0CB00A6FE7A /* Release */ = {
			isa = XCBuildConfiguration;
			buildSettings = {
				ALWAYS_SEARCH_USER_PATHS = NO;
				CLANG_ANALYZER_NONNULL = YES;
				CLANG_ANALYZER_NUMBER_OBJECT_CONVERSION = YES_AGGRESSIVE;
				CLANG_CXX_LANGUAGE_STANDARD = "gnu++14";
				CLANG_CXX_LIBRARY = "libc++";
				CLANG_ENABLE_MODULES = YES;
				CLANG_ENABLE_OBJC_ARC = YES;
				CLANG_ENABLE_OBJC_WEAK = YES;
				CLANG_WARN_BLOCK_CAPTURE_AUTORELEASING = YES;
				CLANG_WARN_BOOL_CONVERSION = YES;
				CLANG_WARN_COMMA = YES;
				CLANG_WARN_CONSTANT_CONVERSION = YES;
				CLANG_WARN_DEPRECATED_OBJC_IMPLEMENTATIONS = YES;
				CLANG_WARN_DIRECT_OBJC_ISA_USAGE = YES_ERROR;
				CLANG_WARN_DOCUMENTATION_COMMENTS = YES;
				CLANG_WARN_EMPTY_BODY = YES;
				CLANG_WARN_ENUM_CONVERSION = YES;
				CLANG_WARN_INFINITE_RECURSION = YES;
				CLANG_WARN_INT_CONVERSION = YES;
				CLANG_WARN_NON_LITERAL_NULL_CONVERSION = YES;
				CLANG_WARN_OBJC_IMPLICIT_RETAIN_SELF = YES;
				CLANG_WARN_OBJC_LITERAL_CONVERSION = YES;
				CLANG_WARN_OBJC_ROOT_CLASS = YES_ERROR;
				CLANG_WARN_QUOTED_INCLUDE_IN_FRAMEWORK_HEADER = YES;
				CLANG_WARN_RANGE_LOOP_ANALYSIS = YES;
				CLANG_WARN_STRICT_PROTOTYPES = YES;
				CLANG_WARN_SUSPICIOUS_MOVE = YES;
				CLANG_WARN_UNGUARDED_AVAILABILITY = YES_AGGRESSIVE;
				CLANG_WARN_UNREACHABLE_CODE = YES;
				CLANG_WARN__DUPLICATE_METHOD_MATCH = YES;
				COPY_PHASE_STRIP = NO;
				DEBUG_INFORMATION_FORMAT = "dwarf-with-dsym";
				ENABLE_NS_ASSERTIONS = NO;
				ENABLE_STRICT_OBJC_MSGSEND = YES;
				GCC_C_LANGUAGE_STANDARD = gnu11;
				GCC_NO_COMMON_BLOCKS = YES;
				GCC_WARN_64_TO_32_BIT_CONVERSION = YES;
				GCC_WARN_ABOUT_RETURN_TYPE = YES_ERROR;
				GCC_WARN_UNDECLARED_SELECTOR = YES;
				GCC_WARN_UNINITIALIZED_AUTOS = YES_AGGRESSIVE;
				GCC_WARN_UNUSED_FUNCTION = YES;
				GCC_WARN_UNUSED_VARIABLE = YES;
				IPHONEOS_DEPLOYMENT_TARGET = 14.3;
				MTL_ENABLE_DEBUG_INFO = NO;
				MTL_FAST_MATH = YES;
				SDKROOT = iphoneos;
				SWIFT_COMPILATION_MODE = wholemodule;
				SWIFT_OPTIMIZATION_LEVEL = "-O";
				VALIDATE_PRODUCT = YES;
			};
			name = Release;
		};
		74230B3625A2B0CB00A6FE7A /* Debug */ = {
			isa = XCBuildConfiguration;
			buildSettings = {
				ASSETCATALOG_COMPILER_APPICON_NAME = AppIcon;
				ASSETCATALOG_COMPILER_GLOBAL_ACCENT_COLOR_NAME = AccentColor;
				CODE_SIGN_STYLE = Automatic;
				DEVELOPMENT_ASSET_PATHS = "\"SwiftUI_Day3/Preview Content\"";
				DEVELOPMENT_TEAM = QVH5NQAP9R;
				ENABLE_PREVIEWS = YES;
				INFOPLIST_FILE = SwiftUI_Day3/Info.plist;
				IPHONEOS_DEPLOYMENT_TARGET = 14.0;
				LD_RUNPATH_SEARCH_PATHS = (
					"$(inherited)",
					"@executable_path/Frameworks",
				);
				PRODUCT_BUNDLE_IDENTIFIER = hhhhh;
				PRODUCT_NAME = "$(TARGET_NAME)";
				SWIFT_VERSION = 5.0;
				TARGETED_DEVICE_FAMILY = "1,2";
			};
			name = Debug;
		};
		74230B3725A2B0CB00A6FE7A /* Release */ = {
			isa = XCBuildConfiguration;
			buildSettings = {
				ASSETCATALOG_COMPILER_APPICON_NAME = AppIcon;
				ASSETCATALOG_COMPILER_GLOBAL_ACCENT_COLOR_NAME = AccentColor;
				CODE_SIGN_STYLE = Automatic;
				DEVELOPMENT_ASSET_PATHS = "\"SwiftUI_Day3/Preview Content\"";
				DEVELOPMENT_TEAM = QVH5NQAP9R;
				ENABLE_PREVIEWS = YES;
				INFOPLIST_FILE = SwiftUI_Day3/Info.plist;
				IPHONEOS_DEPLOYMENT_TARGET = 14.0;
				LD_RUNPATH_SEARCH_PATHS = (
					"$(inherited)",
					"@executable_path/Frameworks",
				);
				PRODUCT_BUNDLE_IDENTIFIER = hhhhh;
				PRODUCT_NAME = "$(TARGET_NAME)";
				SWIFT_VERSION = 5.0;
				TARGETED_DEVICE_FAMILY = "1,2";
			};
			name = Release;
		};
/* End XCBuildConfiguration section */

/* Begin XCConfigurationList section */
		74230B2125A2B0C500A6FE7A /* Build configuration list for PBXProject "SwiftUI_Day3" */ = {
			isa = XCConfigurationList;
			buildConfigurations = (
				74230B3325A2B0CB00A6FE7A /* Debug */,
				74230B3425A2B0CB00A6FE7A /* Release */,
			);
			defaultConfigurationIsVisible = 0;
			defaultConfigurationName = Release;
		};
		74230B3525A2B0CB00A6FE7A /* Build configuration list for PBXNativeTarget "SwiftUI_Day3" */ = {
			isa = XCConfigurationList;
			buildConfigurations = (
				74230B3625A2B0CB00A6FE7A /* Debug */,
				74230B3725A2B0CB00A6FE7A /* Release */,
			);
			defaultConfigurationIsVisible = 0;
			defaultConfigurationName = Release;
		};
/* End XCConfigurationList section */
	};
	rootObject = 74230B1E25A2B0C500A6FE7A /* Project object */;
}
